
Microsoft Visual Studio Solution File, Format Version 12.00
# Visual Studio Version 17
VisualStudioVersion = 17.13.35825.156 d17.13
MinimumVisualStudioVersion = 10.0.40219.1
Project("{FAE04EC0-301F-11D3-BF4B-00C04F79EFBC}") = "SP 01. Processes", "SP 01. Processes\SP 01. Processes.csproj", "{6AFBD66F-AF93-42D7-A7D0-9B081024F21B}"
EndProject
Global
	GlobalSection(SolutionConfigurationPlatforms) = preSolution
		Debug|Any CPU = Debug|Any CPU
		Release|Any CPU = Release|Any CPU
	EndGlobalSection
	GlobalSection(ProjectConfigurationPlatforms) = postSolution
		{6AFBD66F-AF93-42D7-A7D0-9B081024F21B}.Debug|Any CPU.ActiveCfg = Debug|Any CPU
		{6AFBD66F-AF93-42D7-A7D0-9B081024F21B}.Debug|Any CPU.Build.0 = Debug|Any CPU
		{6AFBD66F-AF93-42D7-A7D0-9B081024F21B}.Release|Any CPU.ActiveCfg = Release|Any CPU
		{6AFBD66F-AF93-42D7-A7D0-9B081024F21B}.Release|Any CPU.Build.0 = Release|Any CPU
	EndGlobalSection
	GlobalSection(SolutionProperties) = preSolution
		HideSolutionNode = FALSE
	EndGlobalSection
	GlobalSection(ExtensibilityGlobals) = postSolution
		SolutionGuid = {23A5CF57-494B-4F04-A121-E7EF3786A01D}
	EndGlobalSection
EndGlobal
