
Microsoft Visual Studio Solution File, Format Version 12.00
# Visual Studio Version 17
VisualStudioVersion = 17.13.35825.156
MinimumVisualStudioVersion = 10.0.40219.1
Project("{FAE04EC0-301F-11D3-BF4B-00C04F79EFBC}") = "SP 01. Processes", "SP 01. Processes\SP 01. Processes.csproj", "{6AFBD66F-AF93-42D7-A7D0-9B081024F21B}"
EndProject
Project("{2150E333-8FDC-42A3-9474-1A3956D46DE8}") = "SP 01", "SP 01", "{02EA681E-C7D8-13C7-8484-4AC65E1B71E8}"
EndProject
Project("{2150E333-8FDC-42A3-9474-1A3956D46DE8}") = "SP 02", "SP 02", "{1FD154FC-188E-4ECA-A221-01610D4A80B2}"
EndProject
Project("{FAE04EC0-301F-11D3-BF4B-00C04F79EFBC}") = "SP 02. Threads", "SP 02. Threads\SP 02. Threads.csproj", "{D298C011-84AF-4933-83D4-664BDD54D88A}"
EndProject
Project("{FAE04EC0-301F-11D3-BF4B-00C04F79EFBC}") = "SP 02. Threads in UI App", "SP 02. Threads in UI App\SP 02. Threads in UI App.csproj", "{124C7282-C708-4B63-869A-FE486A080521}"
EndProject
Project("{2150E333-8FDC-42A3-9474-1A3956D46DE8}") = "SP 04", "SP 04", "{568987A1-C573-4E3E-B6C8-9D118DDEC8D6}"
EndProject
Project("{2150E333-8FDC-42A3-9474-1A3956D46DE8}") = "SP 03", "SP 03", "{5A0B2228-7381-4BF6-B741-088918287448}"
EndProject
Project("{FAE04EC0-301F-11D3-BF4B-00C04F79EFBC}") = "SP 03. ThreadPool", "SP 03. ThreadPool\SP 03. ThreadPool.csproj", "{64941185-FCAB-4E39-BE52-BACAA9E3D818}"
EndProject
Project("{FAE04EC0-301F-11D3-BF4B-00C04F79EFBC}") = "SP 03. ThreadPool VS Thread", "SP 03. ThreadPool VS Thread\SP 03. ThreadPool VS Thread.csproj", "{1F2BE79B-7A51-4DBB-B6E9-081701323F19}"
EndProject
Project("{FAE04EC0-301F-11D3-BF4B-00C04F79EFBC}") = "SP 04. monitor lock", "SP 04. monitor lock\SP 04. monitor lock.csproj", "{78B489C3-CAF8-4360-9FBF-E708E39B2EC9}"
EndProject
Project("{FAE04EC0-301F-11D3-BF4B-00C04F79EFBC}") = "SP 05. Mutex", "SP 05. Mutex\SP 05. Mutex.csproj", "{CB648AFB-69F5-4525-A62E-F84F8A9BFB77}"
EndProject
Project("{2150E333-8FDC-42A3-9474-1A3956D46DE8}") = "SP 05", "SP 05", "{73FC82BD-4A99-447A-B7CD-E076B01317CD}"
EndProject
Project("{FAE04EC0-301F-11D3-BF4B-00C04F79EFBC}") = "SP 05. Semaphore. SemaphoreSlim", "SP 05. Semaphore. SemaphoreSlim\SP 05. Semaphore. SemaphoreSlim.csproj", "{4219377A-616F-4423-8165-7752F9825538}"
EndProject
Project("{FAE04EC0-301F-11D3-BF4B-00C04F79EFBC}") = "SP 05. AutoResetEvent", "SP 05. AutoResetEvent\SP 05. AutoResetEvent.csproj", "{0245190C-64E0-4800-B962-DEA84DB78EBA}"
EndProject
Project("{FAE04EC0-301F-11D3-BF4B-00C04F79EFBC}") = "SP 05. Dead Lock", "SP 05. Dead Lock\SP 05. Dead Lock.csproj", "{01B98E16-4FA5-4023-AB48-8E5D1489C6ED}"
EndProject
Project("{FAE04EC0-301F-11D3-BF4B-00C04F79EFBC}") = "SP 05. CancellationToken", "SP 05. CancellationToken\SP 05. CancellationToken.csproj", "{679713B0-3A66-43D6-9DA3-29594DC648E5}"
EndProject
Project("{2150E333-8FDC-42A3-9474-1A3956D46DE8}") = "SP 06", "SP 06", "{41A4E961-08FF-4123-AA1B-8EB0DE524730}"
EndProject
Project("{FAE04EC0-301F-11D3-BF4B-00C04F79EFBC}") = "SP 06. TPL", "SP 06. TPL\SP 06. TPL.csproj", "{406AA64D-D38C-4281-BA6E-C384A5FA6B07}"
EndProject
Project("{FAE04EC0-301F-11D3-BF4B-00C04F79EFBC}") = "SP 06. Task Result", "SP 06. Task Result\SP 06. Task Result.csproj", "{03A33445-9CA8-4798-8DC3-0078F8DB8425}"
EndProject
Project("{FAE04EC0-301F-11D3-BF4B-00C04F79EFBC}") = "SP 06. Continuations", "SP 06. Continuations\SP 06. Continuations.csproj", "{F76FC899-9C12-4B6D-8884-77498DAD3597}"
EndProject
Project("{FAE04EC0-301F-11D3-BF4B-00C04F79EFBC}") = "SP 06. Waiting", "SP 06. Waiting\SP 06. Waiting.csproj", "{21539466-83BB-4ADC-B392-69AA1FD87F98}"
EndProject
Project("{FAE04EC0-301F-11D3-BF4B-00C04F79EFBC}") = "SP 06. Waiting Child", "SP 06. Waiting Child\SP 06. Waiting Child.csproj", "{BDC5BD7B-098C-40D7-A18C-0A812B65804F}"
EndProject
Global
	GlobalSection(SolutionConfigurationPlatforms) = preSolution
		Debug|Any CPU = Debug|Any CPU
		Release|Any CPU = Release|Any CPU
	EndGlobalSection
	GlobalSection(ProjectConfigurationPlatforms) = postSolution
		{6AFBD66F-AF93-42D7-A7D0-9B081024F21B}.Debug|Any CPU.ActiveCfg = Debug|Any CPU
		{6AFBD66F-AF93-42D7-A7D0-9B081024F21B}.Debug|Any CPU.Build.0 = Debug|Any CPU
		{6AFBD66F-AF93-42D7-A7D0-9B081024F21B}.Release|Any CPU.ActiveCfg = Release|Any CPU
		{6AFBD66F-AF93-42D7-A7D0-9B081024F21B}.Release|Any CPU.Build.0 = Release|Any CPU
		{D298C011-84AF-4933-83D4-664BDD54D88A}.Debug|Any CPU.ActiveCfg = Debug|Any CPU
		{D298C011-84AF-4933-83D4-664BDD54D88A}.Debug|Any CPU.Build.0 = Debug|Any CPU
		{D298C011-84AF-4933-83D4-664BDD54D88A}.Release|Any CPU.ActiveCfg = Release|Any CPU
		{D298C011-84AF-4933-83D4-664BDD54D88A}.Release|Any CPU.Build.0 = Release|Any CPU
		{124C7282-C708-4B63-869A-FE486A080521}.Debug|Any CPU.ActiveCfg = Debug|Any CPU
		{124C7282-C708-4B63-869A-FE486A080521}.Debug|Any CPU.Build.0 = Debug|Any CPU
		{124C7282-C708-4B63-869A-FE486A080521}.Release|Any CPU.ActiveCfg = Release|Any CPU
		{124C7282-C708-4B63-869A-FE486A080521}.Release|Any CPU.Build.0 = Release|Any CPU
		{64941185-FCAB-4E39-BE52-BACAA9E3D818}.Debug|Any CPU.ActiveCfg = Debug|Any CPU
		{64941185-FCAB-4E39-BE52-BACAA9E3D818}.Debug|Any CPU.Build.0 = Debug|Any CPU
		{64941185-FCAB-4E39-BE52-BACAA9E3D818}.Release|Any CPU.ActiveCfg = Release|Any CPU
		{64941185-FCAB-4E39-BE52-BACAA9E3D818}.Release|Any CPU.Build.0 = Release|Any CPU
		{1F2BE79B-7A51-4DBB-B6E9-081701323F19}.Debug|Any CPU.ActiveCfg = Debug|Any CPU
		{1F2BE79B-7A51-4DBB-B6E9-081701323F19}.Debug|Any CPU.Build.0 = Debug|Any CPU
		{1F2BE79B-7A51-4DBB-B6E9-081701323F19}.Release|Any CPU.ActiveCfg = Release|Any CPU
		{1F2BE79B-7A51-4DBB-B6E9-081701323F19}.Release|Any CPU.Build.0 = Release|Any CPU
		{78B489C3-CAF8-4360-9FBF-E708E39B2EC9}.Debug|Any CPU.ActiveCfg = Debug|Any CPU
		{78B489C3-CAF8-4360-9FBF-E708E39B2EC9}.Debug|Any CPU.Build.0 = Debug|Any CPU
		{78B489C3-CAF8-4360-9FBF-E708E39B2EC9}.Release|Any CPU.ActiveCfg = Release|Any CPU
		{78B489C3-CAF8-4360-9FBF-E708E39B2EC9}.Release|Any CPU.Build.0 = Release|Any CPU
		{CB648AFB-69F5-4525-A62E-F84F8A9BFB77}.Debug|Any CPU.ActiveCfg = Debug|Any CPU
		{CB648AFB-69F5-4525-A62E-F84F8A9BFB77}.Debug|Any CPU.Build.0 = Debug|Any CPU
		{CB648AFB-69F5-4525-A62E-F84F8A9BFB77}.Release|Any CPU.ActiveCfg = Release|Any CPU
		{CB648AFB-69F5-4525-A62E-F84F8A9BFB77}.Release|Any CPU.Build.0 = Release|Any CPU
		{4219377A-616F-4423-8165-7752F9825538}.Debug|Any CPU.ActiveCfg = Debug|Any CPU
		{4219377A-616F-4423-8165-7752F9825538}.Debug|Any CPU.Build.0 = Debug|Any CPU
		{4219377A-616F-4423-8165-7752F9825538}.Release|Any CPU.ActiveCfg = Release|Any CPU
		{4219377A-616F-4423-8165-7752F9825538}.Release|Any CPU.Build.0 = Release|Any CPU
		{0245190C-64E0-4800-B962-DEA84DB78EBA}.Debug|Any CPU.ActiveCfg = Debug|Any CPU
		{0245190C-64E0-4800-B962-DEA84DB78EBA}.Debug|Any CPU.Build.0 = Debug|Any CPU
		{0245190C-64E0-4800-B962-DEA84DB78EBA}.Release|Any CPU.ActiveCfg = Release|Any CPU
		{0245190C-64E0-4800-B962-DEA84DB78EBA}.Release|Any CPU.Build.0 = Release|Any CPU
		{01B98E16-4FA5-4023-AB48-8E5D1489C6ED}.Debug|Any CPU.ActiveCfg = Debug|Any CPU
		{01B98E16-4FA5-4023-AB48-8E5D1489C6ED}.Debug|Any CPU.Build.0 = Debug|Any CPU
		{01B98E16-4FA5-4023-AB48-8E5D1489C6ED}.Release|Any CPU.ActiveCfg = Release|Any CPU
		{01B98E16-4FA5-4023-AB48-8E5D1489C6ED}.Release|Any CPU.Build.0 = Release|Any CPU
		{679713B0-3A66-43D6-9DA3-29594DC648E5}.Debug|Any CPU.ActiveCfg = Debug|Any CPU
		{679713B0-3A66-43D6-9DA3-29594DC648E5}.Debug|Any CPU.Build.0 = Debug|Any CPU
		{679713B0-3A66-43D6-9DA3-29594DC648E5}.Release|Any CPU.ActiveCfg = Release|Any CPU
		{679713B0-3A66-43D6-9DA3-29594DC648E5}.Release|Any CPU.Build.0 = Release|Any CPU
		{406AA64D-D38C-4281-BA6E-C384A5FA6B07}.Debug|Any CPU.ActiveCfg = Debug|Any CPU
		{406AA64D-D38C-4281-BA6E-C384A5FA6B07}.Debug|Any CPU.Build.0 = Debug|Any CPU
		{406AA64D-D38C-4281-BA6E-C384A5FA6B07}.Release|Any CPU.ActiveCfg = Release|Any CPU
		{406AA64D-D38C-4281-BA6E-C384A5FA6B07}.Release|Any CPU.Build.0 = Release|Any CPU
		{03A33445-9CA8-4798-8DC3-0078F8DB8425}.Debug|Any CPU.ActiveCfg = Debug|Any CPU
		{03A33445-9CA8-4798-8DC3-0078F8DB8425}.Debug|Any CPU.Build.0 = Debug|Any CPU
		{03A33445-9CA8-4798-8DC3-0078F8DB8425}.Release|Any CPU.ActiveCfg = Release|Any CPU
		{03A33445-9CA8-4798-8DC3-0078F8DB8425}.Release|Any CPU.Build.0 = Release|Any CPU
		{F76FC899-9C12-4B6D-8884-77498DAD3597}.Debug|Any CPU.ActiveCfg = Debug|Any CPU
		{F76FC899-9C12-4B6D-8884-77498DAD3597}.Debug|Any CPU.Build.0 = Debug|Any CPU
		{F76FC899-9C12-4B6D-8884-77498DAD3597}.Release|Any CPU.ActiveCfg = Release|Any CPU
		{F76FC899-9C12-4B6D-8884-77498DAD3597}.Release|Any CPU.Build.0 = Release|Any CPU
		{21539466-83BB-4ADC-B392-69AA1FD87F98}.Debug|Any CPU.ActiveCfg = Debug|Any CPU
		{21539466-83BB-4ADC-B392-69AA1FD87F98}.Debug|Any CPU.Build.0 = Debug|Any CPU
		{21539466-83BB-4ADC-B392-69AA1FD87F98}.Release|Any CPU.ActiveCfg = Release|Any CPU
		{21539466-83BB-4ADC-B392-69AA1FD87F98}.Release|Any CPU.Build.0 = Release|Any CPU
		{BDC5BD7B-098C-40D7-A18C-0A812B65804F}.Debug|Any CPU.ActiveCfg = Debug|Any CPU
		{BDC5BD7B-098C-40D7-A18C-0A812B65804F}.Debug|Any CPU.Build.0 = Debug|Any CPU
		{BDC5BD7B-098C-40D7-A18C-0A812B65804F}.Release|Any CPU.ActiveCfg = Release|Any CPU
		{BDC5BD7B-098C-40D7-A18C-0A812B65804F}.Release|Any CPU.Build.0 = Release|Any CPU
	EndGlobalSection
	GlobalSection(SolutionProperties) = preSolution
		HideSolutionNode = FALSE
	EndGlobalSection
	GlobalSection(NestedProjects) = preSolution
		{6AFBD66F-AF93-42D7-A7D0-9B081024F21B} = {02EA681E-C7D8-13C7-8484-4AC65E1B71E8}
		{D298C011-84AF-4933-83D4-664BDD54D88A} = {1FD154FC-188E-4ECA-A221-01610D4A80B2}
		{124C7282-C708-4B63-869A-FE486A080521} = {1FD154FC-188E-4ECA-A221-01610D4A80B2}
		{64941185-FCAB-4E39-BE52-BACAA9E3D818} = {5A0B2228-7381-4BF6-B741-088918287448}
		{1F2BE79B-7A51-4DBB-B6E9-081701323F19} = {5A0B2228-7381-4BF6-B741-088918287448}
		{78B489C3-CAF8-4360-9FBF-E708E39B2EC9} = {568987A1-C573-4E3E-B6C8-9D118DDEC8D6}
		{CB648AFB-69F5-4525-A62E-F84F8A9BFB77} = {73FC82BD-4A99-447A-B7CD-E076B01317CD}
		{4219377A-616F-4423-8165-7752F9825538} = {73FC82BD-4A99-447A-B7CD-E076B01317CD}
		{0245190C-64E0-4800-B962-DEA84DB78EBA} = {73FC82BD-4A99-447A-B7CD-E076B01317CD}
		{01B98E16-4FA5-4023-AB48-8E5D1489C6ED} = {73FC82BD-4A99-447A-B7CD-E076B01317CD}
		{679713B0-3A66-43D6-9DA3-29594DC648E5} = {73FC82BD-4A99-447A-B7CD-E076B01317CD}
		{406AA64D-D38C-4281-BA6E-C384A5FA6B07} = {41A4E961-08FF-4123-AA1B-8EB0DE524730}
		{03A33445-9CA8-4798-8DC3-0078F8DB8425} = {41A4E961-08FF-4123-AA1B-8EB0DE524730}
		{F76FC899-9C12-4B6D-8884-77498DAD3597} = {41A4E961-08FF-4123-AA1B-8EB0DE524730}
		{21539466-83BB-4ADC-B392-69AA1FD87F98} = {41A4E961-08FF-4123-AA1B-8EB0DE524730}
		{BDC5BD7B-098C-40D7-A18C-0A812B65804F} = {41A4E961-08FF-4123-AA1B-8EB0DE524730}
	EndGlobalSection
	GlobalSection(ExtensibilityGlobals) = postSolution
		SolutionGuid = {23A5CF57-494B-4F04-A121-E7EF3786A01D}
	EndGlobalSection
EndGlobal
